@import url('https://fonts.googleapis.com/css2?family=Poppins:wght@300&display=swap');

*{
    margin:0;
    padding: 0;
    box-sizing: border-box;
    font-family: 'Poppins', sans-serif;
}

body{
    margin:0;
    padding: 0;
    display: flex;
    justify-content: center;
    align-items: flex-end;
    min-height: 100vh;
    background: #474747;
    color: white;
}
nav{

}
.nav{
    display: flex;
    justify-content: center;
    align-items: center;
    position: relative;
    width: 400px;
    height: 60px;
    background: #2c2c2c;
    border-radius: 10px 10px 0 0;
}

.nav ul{
    display: flex;
    width: 350px;
}

.nav ul li{
    list-style: none;
    position: relative;
    width: 70px;
    height: 60px;
    z-index: 2;
}

.nav ul li a{
    position: relative;
    display: flex;
    justify-content: center;
    align-items: center;
    flex-direction: column;
    width: 100%;
    text-align: center;
}

.nav ul li a .icon{
    position: relative;
    display: block;
    line-height: 65px;
    font-size: 1.5em;
    transition: 0.5s;
    color: black;
}

.nav ul li.active a .icon{
    transform: translateY(-30px);
    color: dodgerblue;
}

.nav ul li a .text{
    position: absolute;
    background: dodgerblue;
    color: white;
    padding: 2px 7px;
    border-radius: 12px;
    font-weight: 400;
    font-size: 0.75em;
    letter-spacing: 0.05em;
    transition: 0.5s;
    opacity: 0;
    transform: translateY(15px);
}

.nav ul li.active a .text{
    transform: translateY(-4px);
    opacity: 1;
}

.indicator{
    position: absolute;
    top: -35px;
    height: 70px;
    width: 70px;
    background: #2c2c2c;
    border-radius: 50%;
    z-index: 1;
    transition: 0.5s;
}

.indicator::before{
    content: '';
    position: absolute;
    top: 5px;
    left: -28px;
    width: 30px;
    height: 30px;
    background: transparent;
    border-radius: 50%;
    box-shadow: 15px 18px #2c2c2c;
}

.indicator::after{
    content: '';
    position: absolute;
    top: 5px;
    right: -28px;
    width: 30px;
    height: 30px;
    background: transparent;
    border-radius: 50%;
    box-shadow: -15px 18px #2c2c2c;
}

.nav ul li:nth-child(1).active ~ .indicator{
    transform: translateX(calc(70px * 0));
}
.nav ul li:nth-child(2).active ~ .indicator{
    transform: translateX(calc(70px * 1));
}
.nav ul li:nth-child(3).active ~ .indicator{
    transform: translateX(calc(70px * 2));
}